{
    "_meta": {
        "hash": {
            "sha256": "3eeb29addc2a047105315c9e66e50f5630ad9feca1fa2eebf627f72199faf767"
        },
        "requires": {
            "python_version": "2.7"
        },
        "sources": [
            {
                "url": "https://pypi.org/",
                "verify_ssl": true
            }
        ]
    },
    "default": {
        "gunicorn": "*",
        "youtube_dl_server": ">=0.3"
    },
    "develop": {}
}